// !$*UTF8*$!
{
	archiveVersion = 1;
	classes = {
	};
	objectVersion = 56;
	objects = {

/* Begin PBXBuildFile section */
		331CCE812BB141E300888494 /* FormQA.swift in Sources */ = {isa = PBXBuildFile; fileRef = 331CCE802BB141E300888494 /* FormQA.swift */; };
		331CCE842BB1448400888494 /* SettingsView.swift in Sources */ = {isa = PBXBuildFile; fileRef = 331CCE832BB1448400888494 /* SettingsView.swift */; };
		331CE1C12BBD7F14001EFD94 /* CustomImagePicker.swift in Sources */ = {isa = PBXBuildFile; fileRef = 331CE1C02BBD7F14001EFD94 /* CustomImagePicker.swift */; };
		331E8B7B2BE9E644004368D2 /* CreateTaskManager.swift in Sources */ = {isa = PBXBuildFile; fileRef = 331E8B7A2BE9E644004368D2 /* CreateTaskManager.swift */; };
		331FB27B2BDF5FAC00129C74 /* MyProjectsView.swift in Sources */ = {isa = PBXBuildFile; fileRef = 331FB27A2BDF5FAC00129C74 /* MyProjectsView.swift */; };
		332EBD632B8A020400CBD655 /* SkillSwapApp.swift in Sources */ = {isa = PBXBuildFile; fileRef = 332EBD622B8A020400CBD655 /* SkillSwapApp.swift */; };
		332EBD652B8A020400CBD655 /* ContentView.swift in Sources */ = {isa = PBXBuildFile; fileRef = 332EBD642B8A020400CBD655 /* ContentView.swift */; };
		332EBD672B8A020500CBD655 /* Assets.xcassets in Resources */ = {isa = PBXBuildFile; fileRef = 332EBD662B8A020500CBD655 /* Assets.xcassets */; };
		332EBD6A2B8A020500CBD655 /* Preview Assets.xcassets in Resources */ = {isa = PBXBuildFile; fileRef = 332EBD692B8A020500CBD655 /* Preview Assets.xcassets */; };
		332EBD742B8A020500CBD655 /* SkillSwapTests.swift in Sources */ = {isa = PBXBuildFile; fileRef = 332EBD732B8A020500CBD655 /* SkillSwapTests.swift */; };
		332EBD7E2B8A020500CBD655 /* SkillSwapUITests.swift in Sources */ = {isa = PBXBuildFile; fileRef = 332EBD7D2B8A020500CBD655 /* SkillSwapUITests.swift */; };
		332EBD802B8A020500CBD655 /* SkillSwapUITestsLaunchTests.swift in Sources */ = {isa = PBXBuildFile; fileRef = 332EBD7F2B8A020500CBD655 /* SkillSwapUITestsLaunchTests.swift */; };
		332EBD8D2B8A049C00CBD655 /* RegistrationView.swift in Sources */ = {isa = PBXBuildFile; fileRef = 332EBD8C2B8A049C00CBD655 /* RegistrationView.swift */; };
		332EBD902B8A04CB00CBD655 /* LoginView.swift in Sources */ = {isa = PBXBuildFile; fileRef = 332EBD8F2B8A04CB00CBD655 /* LoginView.swift */; };
		3334A9D42BB47B480069E80E /* AboutMeView.swift in Sources */ = {isa = PBXBuildFile; fileRef = 3334A9D32BB47B480069E80E /* AboutMeView.swift */; };
		333835F62BE7793F00742636 /* Media.swift in Sources */ = {isa = PBXBuildFile; fileRef = 333835F52BE7793F00742636 /* Media.swift */; };
		333A10EA2BEBE8D60024F295 /* PostsMainCell.swift in Sources */ = {isa = PBXBuildFile; fileRef = 333A10E92BEBE8D60024F295 /* PostsMainCell.swift */; };
		33475FE92B8B459B0009B5E9 /* WelcomeScreen.swift in Sources */ = {isa = PBXBuildFile; fileRef = 33475FE82B8B459B0009B5E9 /* WelcomeScreen.swift */; };
		334E881D2BC6D7450066A822 /* NetworkService.swift in Sources */ = {isa = PBXBuildFile; fileRef = 334E881C2BC6D7450066A822 /* NetworkService.swift */; };
		335F39242BCBD63900B45890 /* AccountType.swift in Sources */ = {isa = PBXBuildFile; fileRef = 335F39232BCBD63900B45890 /* AccountType.swift */; };
		336A53AC2C05C91100252383 /* RespondSkillSwap.swift in Sources */ = {isa = PBXBuildFile; fileRef = 336A53AB2C05C91100252383 /* RespondSkillSwap.swift */; };
		3380E90A2BE4AA320024C414 /* MyQuestionsView.swift in Sources */ = {isa = PBXBuildFile; fileRef = 3380E9092BE4AA320024C414 /* MyQuestionsView.swift */; };
		3380E90D2BE54B500024C414 /* Alamofire in Frameworks */ = {isa = PBXBuildFile; productRef = 3380E90C2BE54B500024C414 /* Alamofire */; };
		33835D7B2BA75EBC00BCD4F2 /* CustomButton.swift in Sources */ = {isa = PBXBuildFile; fileRef = 33835D7A2BA75EBB00BCD4F2 /* CustomButton.swift */; };
		3398B6452BB072B300F74842 /* FormSkillSwap.swift in Sources */ = {isa = PBXBuildFile; fileRef = 3398B6442BB072B300F74842 /* FormSkillSwap.swift */; };
		3398B6472BB076B600F74842 /* FormCrowdfunding.swift in Sources */ = {isa = PBXBuildFile; fileRef = 3398B6462BB076B600F74842 /* FormCrowdfunding.swift */; };
		33A0A73A2BBED18200F9CFA2 /* CrowdfundingModelController.swift in Sources */ = {isa = PBXBuildFile; fileRef = 33A0A7392BBED18200F9CFA2 /* CrowdfundingModelController.swift */; };
		33A0A73E2BBEDF2300F9CFA2 /* CrowdfundCell.swift in Sources */ = {isa = PBXBuildFile; fileRef = 33A0A73D2BBEDF2300F9CFA2 /* CrowdfundCell.swift */; };
		33A5CCE72BE61E0300081795 /* Moya in Frameworks */ = {isa = PBXBuildFile; productRef = 33A5CCE62BE61E0300081795 /* Moya */; };
		33A88EA92BC1AF3700A217F9 /* SkillSwapCell.swift in Sources */ = {isa = PBXBuildFile; fileRef = 33A88EA82BC1AF3700A217F9 /* SkillSwapCell.swift */; };
		33A9C53F2BC1283800D10E8D /* QAModel.swift in Sources */ = {isa = PBXBuildFile; fileRef = 33A9C53E2BC1283800D10E8D /* QAModel.swift */; };
		33A9C5412BC128C300D10E8D /* QaModelController.swift in Sources */ = {isa = PBXBuildFile; fileRef = 33A9C5402BC128C300D10E8D /* QaModelController.swift */; };
		33B8513D2BC25A1A00AFEC20 /* SkillswapModelController.swift in Sources */ = {isa = PBXBuildFile; fileRef = 33B8513C2BC25A1A00AFEC20 /* SkillswapModelController.swift */; };
		33D1F0FA2B9468E900A12EA9 /* MainTabView.swift in Sources */ = {isa = PBXBuildFile; fileRef = 33D1F0F92B9468E900A12EA9 /* MainTabView.swift */; };
		33D1F0FD2B946A4100A12EA9 /* ProfileView.swift in Sources */ = {isa = PBXBuildFile; fileRef = 33D1F0FC2B946A4100A12EA9 /* ProfileView.swift */; };
		33D1F0FF2B946A5900A12EA9 /* CreateFormView.swift in Sources */ = {isa = PBXBuildFile; fileRef = 33D1F0FE2B946A5900A12EA9 /* CreateFormView.swift */; };
		33D1F1012B946A6E00A12EA9 /* HomeView.swift in Sources */ = {isa = PBXBuildFile; fileRef = 33D1F1002B946A6E00A12EA9 /* HomeView.swift */; };
		33D1F1032B946A8500A12EA9 /* QAView.swift in Sources */ = {isa = PBXBuildFile; fileRef = 33D1F1022B946A8500A12EA9 /* QAView.swift */; };
		33D1F1052B946AAC00A12EA9 /* SkillSwapView.swift in Sources */ = {isa = PBXBuildFile; fileRef = 33D1F1042B946AAC00A12EA9 /* SkillSwapView.swift */; };
		33D1F1072B94765300A12EA9 /* User.swift in Sources */ = {isa = PBXBuildFile; fileRef = 33D1F1062B94765300A12EA9 /* User.swift */; };
		33D1F10B2B94777400A12EA9 /* Gender.swift in Sources */ = {isa = PBXBuildFile; fileRef = 33D1F10A2B94777400A12EA9 /* Gender.swift */; };
		33D1F10E2B948A5000A12EA9 /* SearchBar.swift in Sources */ = {isa = PBXBuildFile; fileRef = 33D1F10D2B948A5000A12EA9 /* SearchBar.swift */; };
		33D1F1102B948D9000A12EA9 /* FormCategories.swift in Sources */ = {isa = PBXBuildFile; fileRef = 33D1F10F2B948D9000A12EA9 /* FormCategories.swift */; };
		33D1F1122B948EF000A12EA9 /* SkillSwapModel.swift in Sources */ = {isa = PBXBuildFile; fileRef = 33D1F1112B948EF000A12EA9 /* SkillSwapModel.swift */; };
		33D1F1142B948F6100A12EA9 /* SkillSwapCategory.swift in Sources */ = {isa = PBXBuildFile; fileRef = 33D1F1132B948F6100A12EA9 /* SkillSwapCategory.swift */; };
		33D1F1162B94905F00A12EA9 /* CrowdfundingModel.swift in Sources */ = {isa = PBXBuildFile; fileRef = 33D1F1152B94905F00A12EA9 /* CrowdfundingModel.swift */; };
		33D1F1182B9490E600A12EA9 /* CrowdfundingCategory.swift in Sources */ = {isa = PBXBuildFile; fileRef = 33D1F1172B9490E600A12EA9 /* CrowdfundingCategory.swift */; };
		33D448752BAD557B00A17027 /* DropDownMenu.swift in Sources */ = {isa = PBXBuildFile; fileRef = 33D448742BAD557B00A17027 /* DropDownMenu.swift */; };
		33D448772BAD55E100A17027 /* CustomTextField.swift in Sources */ = {isa = PBXBuildFile; fileRef = 33D448762BAD55E100A17027 /* CustomTextField.swift */; };
		33D448792BAD562C00A17027 /* CustomDatePicker.swift in Sources */ = {isa = PBXBuildFile; fileRef = 33D448782BAD562C00A17027 /* CustomDatePicker.swift */; };
		33DA8E5E2BB46CD400B09D00 /* MySkillsView.swift in Sources */ = {isa = PBXBuildFile; fileRef = 33DA8E5D2BB46CD400B09D00 /* MySkillsView.swift */; };
		33E2E0332BC04D6A009E122D /* QACell.swift in Sources */ = {isa = PBXBuildFile; fileRef = 33E2E0322BC04D6A009E122D /* QACell.swift */; };
		33F21FC72BDC029400D3D746 /* TestAlert.swift in Sources */ = {isa = PBXBuildFile; fileRef = 33F21FC62BDC029400D3D746 /* TestAlert.swift */; };
		33F950602BD1705400A06330 /* AuthService.swift in Sources */ = {isa = PBXBuildFile; fileRef = 33F9505F2BD1705400A06330 /* AuthService.swift */; };
		33F950622BD170F900A06330 /* URLManager.swift in Sources */ = {isa = PBXBuildFile; fileRef = 33F950612BD170F900A06330 /* URLManager.swift */; };
/* End PBXBuildFile section */

/* Begin PBXContainerItemProxy section */
		332EBD702B8A020500CBD655 /* PBXContainerItemProxy */ = {
			isa = PBXContainerItemProxy;
			containerPortal = 332EBD572B8A020400CBD655 /* Project object */;
			proxyType = 1;
			remoteGlobalIDString = 332EBD5E2B8A020400CBD655;
			remoteInfo = SkillSwap;
		};
		332EBD7A2B8A020500CBD655 /* PBXContainerItemProxy */ = {
			isa = PBXContainerItemProxy;
			containerPortal = 332EBD572B8A020400CBD655 /* Project object */;
			proxyType = 1;
			remoteGlobalIDString = 332EBD5E2B8A020400CBD655;
			remoteInfo = SkillSwap;
		};
/* End PBXContainerItemProxy section */

/* Begin PBXFileReference section */
		331CCE802BB141E300888494 /* FormQA.swift */ = {isa = PBXFileReference; lastKnownFileType = sourcecode.swift; path = FormQA.swift; sourceTree = "<group>"; };
		331CCE832BB1448400888494 /* SettingsView.swift */ = {isa = PBXFileReference; lastKnownFileType = sourcecode.swift; path = SettingsView.swift; sourceTree = "<group>"; };
		331CE1C02BBD7F14001EFD94 /* CustomImagePicker.swift */ = {isa = PBXFileReference; lastKnownFileType = sourcecode.swift; path = CustomImagePicker.swift; sourceTree = "<group>"; };
		331E8B7A2BE9E644004368D2 /* CreateTaskManager.swift */ = {isa = PBXFileReference; lastKnownFileType = sourcecode.swift; path = CreateTaskManager.swift; sourceTree = "<group>"; };
		331FB27A2BDF5FAC00129C74 /* MyProjectsView.swift */ = {isa = PBXFileReference; lastKnownFileType = sourcecode.swift; path = MyProjectsView.swift; sourceTree = "<group>"; };
		332EBD5F2B8A020400CBD655 /* SkillSwap.app */ = {isa = PBXFileReference; explicitFileType = wrapper.application; includeInIndex = 0; path = SkillSwap.app; sourceTree = BUILT_PRODUCTS_DIR; };
		332EBD622B8A020400CBD655 /* SkillSwapApp.swift */ = {isa = PBXFileReference; lastKnownFileType = sourcecode.swift; path = SkillSwapApp.swift; sourceTree = "<group>"; };
		332EBD642B8A020400CBD655 /* ContentView.swift */ = {isa = PBXFileReference; lastKnownFileType = sourcecode.swift; path = ContentView.swift; sourceTree = "<group>"; };
		332EBD662B8A020500CBD655 /* Assets.xcassets */ = {isa = PBXFileReference; lastKnownFileType = folder.assetcatalog; path = Assets.xcassets; sourceTree = "<group>"; };
		332EBD692B8A020500CBD655 /* Preview Assets.xcassets */ = {isa = PBXFileReference; lastKnownFileType = folder.assetcatalog; path = "Preview Assets.xcassets"; sourceTree = "<group>"; };
		332EBD6F2B8A020500CBD655 /* SkillSwapTests.xctest */ = {isa = PBXFileReference; explicitFileType = wrapper.cfbundle; includeInIndex = 0; path = SkillSwapTests.xctest; sourceTree = BUILT_PRODUCTS_DIR; };
		332EBD732B8A020500CBD655 /* SkillSwapTests.swift */ = {isa = PBXFileReference; lastKnownFileType = sourcecode.swift; path = SkillSwapTests.swift; sourceTree = "<group>"; };
		332EBD792B8A020500CBD655 /* SkillSwapUITests.xctest */ = {isa = PBXFileReference; explicitFileType = wrapper.cfbundle; includeInIndex = 0; path = SkillSwapUITests.xctest; sourceTree = BUILT_PRODUCTS_DIR; };
		332EBD7D2B8A020500CBD655 /* SkillSwapUITests.swift */ = {isa = PBXFileReference; lastKnownFileType = sourcecode.swift; path = SkillSwapUITests.swift; sourceTree = "<group>"; };
		332EBD7F2B8A020500CBD655 /* SkillSwapUITestsLaunchTests.swift */ = {isa = PBXFileReference; lastKnownFileType = sourcecode.swift; path = SkillSwapUITestsLaunchTests.swift; sourceTree = "<group>"; };
		332EBD8C2B8A049C00CBD655 /* RegistrationView.swift */ = {isa = PBXFileReference; lastKnownFileType = sourcecode.swift; path = RegistrationView.swift; sourceTree = "<group>"; };
		332EBD8F2B8A04CB00CBD655 /* LoginView.swift */ = {isa = PBXFileReference; lastKnownFileType = sourcecode.swift; path = LoginView.swift; sourceTree = "<group>"; };
		3334A9D32BB47B480069E80E /* AboutMeView.swift */ = {isa = PBXFileReference; lastKnownFileType = sourcecode.swift; path = AboutMeView.swift; sourceTree = "<group>"; };
		333835F52BE7793F00742636 /* Media.swift */ = {isa = PBXFileReference; lastKnownFileType = sourcecode.swift; path = Media.swift; sourceTree = "<group>"; };
		333A10E92BEBE8D60024F295 /* PostsMainCell.swift */ = {isa = PBXFileReference; lastKnownFileType = sourcecode.swift; path = PostsMainCell.swift; sourceTree = "<group>"; };
		33475FE82B8B459B0009B5E9 /* WelcomeScreen.swift */ = {isa = PBXFileReference; lastKnownFileType = sourcecode.swift; path = WelcomeScreen.swift; sourceTree = "<group>"; };
		334E881C2BC6D7450066A822 /* NetworkService.swift */ = {isa = PBXFileReference; lastKnownFileType = sourcecode.swift; path = NetworkService.swift; sourceTree = "<group>"; };
		335F39232BCBD63900B45890 /* AccountType.swift */ = {isa = PBXFileReference; lastKnownFileType = sourcecode.swift; path = AccountType.swift; sourceTree = "<group>"; };
		336A53AB2C05C91100252383 /* RespondSkillSwap.swift */ = {isa = PBXFileReference; lastKnownFileType = sourcecode.swift; path = RespondSkillSwap.swift; sourceTree = "<group>"; };
		3380E9092BE4AA320024C414 /* MyQuestionsView.swift */ = {isa = PBXFileReference; lastKnownFileType = sourcecode.swift; path = MyQuestionsView.swift; sourceTree = "<group>"; };
		33835D7A2BA75EBB00BCD4F2 /* CustomButton.swift */ = {isa = PBXFileReference; lastKnownFileType = sourcecode.swift; path = CustomButton.swift; sourceTree = "<group>"; };
		3398B6442BB072B300F74842 /* FormSkillSwap.swift */ = {isa = PBXFileReference; lastKnownFileType = sourcecode.swift; path = FormSkillSwap.swift; sourceTree = "<group>"; };
		3398B6462BB076B600F74842 /* FormCrowdfunding.swift */ = {isa = PBXFileReference; lastKnownFileType = sourcecode.swift; path = FormCrowdfunding.swift; sourceTree = "<group>"; };
		33A0A7392BBED18200F9CFA2 /* CrowdfundingModelController.swift */ = {isa = PBXFileReference; lastKnownFileType = sourcecode.swift; path = CrowdfundingModelController.swift; sourceTree = "<group>"; };
		33A0A73D2BBEDF2300F9CFA2 /* CrowdfundCell.swift */ = {isa = PBXFileReference; lastKnownFileType = sourcecode.swift; path = CrowdfundCell.swift; sourceTree = "<group>"; };
		33A88EA82BC1AF3700A217F9 /* SkillSwapCell.swift */ = {isa = PBXFileReference; lastKnownFileType = sourcecode.swift; path = SkillSwapCell.swift; sourceTree = "<group>"; };
		33A9C53E2BC1283800D10E8D /* QAModel.swift */ = {isa = PBXFileReference; lastKnownFileType = sourcecode.swift; path = QAModel.swift; sourceTree = "<group>"; };
		33A9C5402BC128C300D10E8D /* QaModelController.swift */ = {isa = PBXFileReference; lastKnownFileType = sourcecode.swift; path = QaModelController.swift; sourceTree = "<group>"; };
		33B8513C2BC25A1A00AFEC20 /* SkillswapModelController.swift */ = {isa = PBXFileReference; lastKnownFileType = sourcecode.swift; path = SkillswapModelController.swift; sourceTree = "<group>"; };
		33D1F0F92B9468E900A12EA9 /* MainTabView.swift */ = {isa = PBXFileReference; lastKnownFileType = sourcecode.swift; path = MainTabView.swift; sourceTree = "<group>"; };
		33D1F0FC2B946A4100A12EA9 /* ProfileView.swift */ = {isa = PBXFileReference; lastKnownFileType = sourcecode.swift; path = ProfileView.swift; sourceTree = "<group>"; };
		33D1F0FE2B946A5900A12EA9 /* CreateFormView.swift */ = {isa = PBXFileReference; lastKnownFileType = sourcecode.swift; path = CreateFormView.swift; sourceTree = "<group>"; };
		33D1F1002B946A6E00A12EA9 /* HomeView.swift */ = {isa = PBXFileReference; lastKnownFileType = sourcecode.swift; path = HomeView.swift; sourceTree = "<group>"; };
		33D1F1022B946A8500A12EA9 /* QAView.swift */ = {isa = PBXFileReference; lastKnownFileType = sourcecode.swift; path = QAView.swift; sourceTree = "<group>"; };
		33D1F1042B946AAC00A12EA9 /* SkillSwapView.swift */ = {isa = PBXFileReference; lastKnownFileType = sourcecode.swift; path = SkillSwapView.swift; sourceTree = "<group>"; };
		33D1F1062B94765300A12EA9 /* User.swift */ = {isa = PBXFileReference; lastKnownFileType = sourcecode.swift; path = User.swift; sourceTree = "<group>"; };
		33D1F10A2B94777400A12EA9 /* Gender.swift */ = {isa = PBXFileReference; lastKnownFileType = sourcecode.swift; path = Gender.swift; sourceTree = "<group>"; };
		33D1F10D2B948A5000A12EA9 /* SearchBar.swift */ = {isa = PBXFileReference; lastKnownFileType = sourcecode.swift; path = SearchBar.swift; sourceTree = "<group>"; };
		33D1F10F2B948D9000A12EA9 /* FormCategories.swift */ = {isa = PBXFileReference; lastKnownFileType = sourcecode.swift; path = FormCategories.swift; sourceTree = "<group>"; };
		33D1F1112B948EF000A12EA9 /* SkillSwapModel.swift */ = {isa = PBXFileReference; lastKnownFileType = sourcecode.swift; path = SkillSwapModel.swift; sourceTree = "<group>"; };
		33D1F1132B948F6100A12EA9 /* SkillSwapCategory.swift */ = {isa = PBXFileReference; lastKnownFileType = sourcecode.swift; path = SkillSwapCategory.swift; sourceTree = "<group>"; };
		33D1F1152B94905F00A12EA9 /* CrowdfundingModel.swift */ = {isa = PBXFileReference; lastKnownFileType = sourcecode.swift; path = CrowdfundingModel.swift; sourceTree = "<group>"; };
		33D1F1172B9490E600A12EA9 /* CrowdfundingCategory.swift */ = {isa = PBXFileReference; lastKnownFileType = sourcecode.swift; path = CrowdfundingCategory.swift; sourceTree = "<group>"; };
		33D448742BAD557B00A17027 /* DropDownMenu.swift */ = {isa = PBXFileReference; lastKnownFileType = sourcecode.swift; path = DropDownMenu.swift; sourceTree = "<group>"; };
		33D448762BAD55E100A17027 /* CustomTextField.swift */ = {isa = PBXFileReference; lastKnownFileType = sourcecode.swift; path = CustomTextField.swift; sourceTree = "<group>"; };
		33D448782BAD562C00A17027 /* CustomDatePicker.swift */ = {isa = PBXFileReference; lastKnownFileType = sourcecode.swift; path = CustomDatePicker.swift; sourceTree = "<group>"; };
		33DA8E5D2BB46CD400B09D00 /* MySkillsView.swift */ = {isa = PBXFileReference; lastKnownFileType = sourcecode.swift; path = MySkillsView.swift; sourceTree = "<group>"; };
		33E2E0322BC04D6A009E122D /* QACell.swift */ = {isa = PBXFileReference; lastKnownFileType = sourcecode.swift; path = QACell.swift; sourceTree = "<group>"; };
		33F21FC62BDC029400D3D746 /* TestAlert.swift */ = {isa = PBXFileReference; lastKnownFileType = sourcecode.swift; path = TestAlert.swift; sourceTree = "<group>"; };
		33F9505F2BD1705400A06330 /* AuthService.swift */ = {isa = PBXFileReference; lastKnownFileType = sourcecode.swift; path = AuthService.swift; sourceTree = "<group>"; };
		33F950612BD170F900A06330 /* URLManager.swift */ = {isa = PBXFileReference; lastKnownFileType = sourcecode.swift; path = URLManager.swift; sourceTree = "<group>"; };
/* End PBXFileReference section */

/* Begin PBXFrameworksBuildPhase section */
		332EBD5C2B8A020400CBD655 /* Frameworks */ = {
			isa = PBXFrameworksBuildPhase;
			buildActionMask = 2147483647;
			files = (
				33A5CCE72BE61E0300081795 /* Moya in Frameworks */,
				3380E90D2BE54B500024C414 /* Alamofire in Frameworks */,
			);
			runOnlyForDeploymentPostprocessing = 0;
		};
		332EBD6C2B8A020500CBD655 /* Frameworks */ = {
			isa = PBXFrameworksBuildPhase;
			buildActionMask = 2147483647;
			files = (
			);
			runOnlyForDeploymentPostprocessing = 0;
		};
		332EBD762B8A020500CBD655 /* Frameworks */ = {
			isa = PBXFrameworksBuildPhase;
			buildActionMask = 2147483647;
			files = (
			);
			runOnlyForDeploymentPostprocessing = 0;
		};
/* End PBXFrameworksBuildPhase section */

/* Begin PBXGroup section */
		331CCE822BB1446500888494 /* ProfileViews */ = {
			isa = PBXGroup;
			children = (
				331CCE832BB1448400888494 /* SettingsView.swift */,
				33DA8E5D2BB46CD400B09D00 /* MySkillsView.swift */,
				3334A9D32BB47B480069E80E /* AboutMeView.swift */,
				331FB27A2BDF5FAC00129C74 /* MyProjectsView.swift */,
				3380E9092BE4AA320024C414 /* MyQuestionsView.swift */,
			);
			path = ProfileViews;
			sourceTree = "<group>";
		};
		332EBD562B8A020400CBD655 = {
			isa = PBXGroup;
			children = (
				332EBD612B8A020400CBD655 /* SkillSwap */,
				332EBD722B8A020500CBD655 /* SkillSwapTests */,
				332EBD7C2B8A020500CBD655 /* SkillSwapUITests */,
				332EBD602B8A020400CBD655 /* Products */,
			);
			sourceTree = "<group>";
		};
		332EBD602B8A020400CBD655 /* Products */ = {
			isa = PBXGroup;
			children = (
				332EBD5F2B8A020400CBD655 /* SkillSwap.app */,
				332EBD6F2B8A020500CBD655 /* SkillSwapTests.xctest */,
				332EBD792B8A020500CBD655 /* SkillSwapUITests.xctest */,
			);
			name = Products;
			sourceTree = "<group>";
		};
		332EBD612B8A020400CBD655 /* SkillSwap */ = {
			isa = PBXGroup;
			children = (
				33F9505E2BD1348800A06330 /* Service */,
				33D1F10C2B94851000A12EA9 /* ViewStructs */,
				33D1F1092B94776B00A12EA9 /* enums */,
				33D1F0FB2B946A1500A12EA9 /* TabViews */,
				33A0A7382BBED16600F9CFA2 /* ModelControllers */,
				33D1F0F72B94688A00A12EA9 /* Model */,
				332EBD8E2B8A04A700CBD655 /* Views */,
				332EBD622B8A020400CBD655 /* SkillSwapApp.swift */,
				332EBD642B8A020400CBD655 /* ContentView.swift */,
				332EBD662B8A020500CBD655 /* Assets.xcassets */,
				332EBD682B8A020500CBD655 /* Preview Content */,
			);
			path = SkillSwap;
			sourceTree = "<group>";
		};
		332EBD682B8A020500CBD655 /* Preview Content */ = {
			isa = PBXGroup;
			children = (
				332EBD692B8A020500CBD655 /* Preview Assets.xcassets */,
			);
			path = "Preview Content";
			sourceTree = "<group>";
		};
		332EBD722B8A020500CBD655 /* SkillSwapTests */ = {
			isa = PBXGroup;
			children = (
				332EBD732B8A020500CBD655 /* SkillSwapTests.swift */,
			);
			path = SkillSwapTests;
			sourceTree = "<group>";
		};
		332EBD7C2B8A020500CBD655 /* SkillSwapUITests */ = {
			isa = PBXGroup;
			children = (
				332EBD7D2B8A020500CBD655 /* SkillSwapUITests.swift */,
				332EBD7F2B8A020500CBD655 /* SkillSwapUITestsLaunchTests.swift */,
			);
			path = SkillSwapUITests;
			sourceTree = "<group>";
		};
		332EBD8E2B8A04A700CBD655 /* Views */ = {
			isa = PBXGroup;
			children = (
				33D448722BAD54C900A17027 /* Supporting */,
				33D448712BAD54BD00A17027 /* Core */,
			);
			path = Views;
			sourceTree = "<group>";
		};
		336A53AA2C05C0BE00252383 /* ViewCellController */ = {
			isa = PBXGroup;
			children = (
				336A53AB2C05C91100252383 /* RespondSkillSwap.swift */,
			);
			path = ViewCellController;
			sourceTree = "<group>";
		};
		3398B6422BB0727000F74842 /* CoreTabs */ = {
			isa = PBXGroup;
			children = (
				33D1F0FC2B946A4100A12EA9 /* ProfileView.swift */,
				33D1F0FE2B946A5900A12EA9 /* CreateFormView.swift */,
				33D1F1002B946A6E00A12EA9 /* HomeView.swift */,
				33D1F1022B946A8500A12EA9 /* QAView.swift */,
				33D1F1042B946AAC00A12EA9 /* SkillSwapView.swift */,
			);
			path = CoreTabs;
			sourceTree = "<group>";
		};
		3398B6432BB0728600F74842 /* SupportingTabs */ = {
			isa = PBXGroup;
			children = (
				3398B6442BB072B300F74842 /* FormSkillSwap.swift */,
				3398B6462BB076B600F74842 /* FormCrowdfunding.swift */,
				331CCE802BB141E300888494 /* FormQA.swift */,
			);
			path = SupportingTabs;
			sourceTree = "<group>";
		};
		33A0A7382BBED16600F9CFA2 /* ModelControllers */ = {
			isa = PBXGroup;
			children = (
				33A0A7392BBED18200F9CFA2 /* CrowdfundingModelController.swift */,
				33A9C5402BC128C300D10E8D /* QaModelController.swift */,
				33B8513C2BC25A1A00AFEC20 /* SkillswapModelController.swift */,
			);
			path = ModelControllers;
			sourceTree = "<group>";
		};
		33A88EA22BC18D9600A217F9 /* ViewCells */ = {
			isa = PBXGroup;
			children = (
				33A0A73D2BBEDF2300F9CFA2 /* CrowdfundCell.swift */,
				33E2E0322BC04D6A009E122D /* QACell.swift */,
				33A88EA82BC1AF3700A217F9 /* SkillSwapCell.swift */,
				333A10E92BEBE8D60024F295 /* PostsMainCell.swift */,
			);
			path = ViewCells;
			sourceTree = "<group>";
		};
		33A88EA32BC18DA300A217F9 /* customElements */ = {
			isa = PBXGroup;
			children = (
				33835D7A2BA75EBB00BCD4F2 /* CustomButton.swift */,
				33D448742BAD557B00A17027 /* DropDownMenu.swift */,
				33D448762BAD55E100A17027 /* CustomTextField.swift */,
				33D448782BAD562C00A17027 /* CustomDatePicker.swift */,
				331CE1C02BBD7F14001EFD94 /* CustomImagePicker.swift */,
			);
			path = customElements;
			sourceTree = "<group>";
		};
		33D1F0F72B94688A00A12EA9 /* Model */ = {
			isa = PBXGroup;
			children = (
				33D1F1062B94765300A12EA9 /* User.swift */,
				33D1F1112B948EF000A12EA9 /* SkillSwapModel.swift */,
				33D1F1152B94905F00A12EA9 /* CrowdfundingModel.swift */,
				33A9C53E2BC1283800D10E8D /* QAModel.swift */,
			);
			path = Model;
			sourceTree = "<group>";
		};
		33D1F0FB2B946A1500A12EA9 /* TabViews */ = {
			isa = PBXGroup;
			children = (
				331CCE822BB1446500888494 /* ProfileViews */,
				3398B6432BB0728600F74842 /* SupportingTabs */,
				3398B6422BB0727000F74842 /* CoreTabs */,
			);
			path = TabViews;
			sourceTree = "<group>";
		};
		33D1F1092B94776B00A12EA9 /* enums */ = {
			isa = PBXGroup;
			children = (
				33D1F10A2B94777400A12EA9 /* Gender.swift */,
				33D1F10F2B948D9000A12EA9 /* FormCategories.swift */,
				33D1F1132B948F6100A12EA9 /* SkillSwapCategory.swift */,
				33D1F1172B9490E600A12EA9 /* CrowdfundingCategory.swift */,
				335F39232BCBD63900B45890 /* AccountType.swift */,
			);
			path = enums;
			sourceTree = "<group>";
		};
		33D1F10C2B94851000A12EA9 /* ViewStructs */ = {
			isa = PBXGroup;
			children = (
				33D1F10D2B948A5000A12EA9 /* SearchBar.swift */,
				33F21FC62BDC029400D3D746 /* TestAlert.swift */,
			);
			path = ViewStructs;
			sourceTree = "<group>";
		};
		33D448712BAD54BD00A17027 /* Core */ = {
			isa = PBXGroup;
			children = (
				332EBD8C2B8A049C00CBD655 /* RegistrationView.swift */,
				332EBD8F2B8A04CB00CBD655 /* LoginView.swift */,
				33475FE82B8B459B0009B5E9 /* WelcomeScreen.swift */,
				33D1F0F92B9468E900A12EA9 /* MainTabView.swift */,
			);
			path = Core;
			sourceTree = "<group>";
		};
		33D448722BAD54C900A17027 /* Supporting */ = {
			isa = PBXGroup;
			children = (
				336A53AA2C05C0BE00252383 /* ViewCellController */,
				33A88EA32BC18DA300A217F9 /* customElements */,
				33A88EA22BC18D9600A217F9 /* ViewCells */,
			);
			path = Supporting;
			sourceTree = "<group>";
		};
		33F9505E2BD1348800A06330 /* Service */ = {
			isa = PBXGroup;
			children = (
				334E881C2BC6D7450066A822 /* NetworkService.swift */,
				33F9505F2BD1705400A06330 /* AuthService.swift */,
				33F950612BD170F900A06330 /* URLManager.swift */,
				333835F52BE7793F00742636 /* Media.swift */,
				331E8B7A2BE9E644004368D2 /* CreateTaskManager.swift */,
			);
			path = Service;
			sourceTree = "<group>";
		};
/* End PBXGroup section */

/* Begin PBXNativeTarget section */
		332EBD5E2B8A020400CBD655 /* SkillSwap */ = {
			isa = PBXNativeTarget;
			buildConfigurationList = 332EBD832B8A020500CBD655 /* Build configuration list for PBXNativeTarget "SkillSwap" */;
			buildPhases = (
				332EBD5B2B8A020400CBD655 /* Sources */,
				332EBD5C2B8A020400CBD655 /* Frameworks */,
				332EBD5D2B8A020400CBD655 /* Resources */,
			);
			buildRules = (
			);
			dependencies = (
			);
			name = SkillSwap;
			packageProductDependencies = (
				3380E90C2BE54B500024C414 /* Alamofire */,
				33A5CCE62BE61E0300081795 /* Moya */,
			);
			productName = SkillSwap;
			productReference = 332EBD5F2B8A020400CBD655 /* SkillSwap.app */;
			productType = "com.apple.product-type.application";
		};
		332EBD6E2B8A020500CBD655 /* SkillSwapTests */ = {
			isa = PBXNativeTarget;
			buildConfigurationList = 332EBD862B8A020500CBD655 /* Build configuration list for PBXNativeTarget "SkillSwapTests" */;
			buildPhases = (
				332EBD6B2B8A020500CBD655 /* Sources */,
				332EBD6C2B8A020500CBD655 /* Frameworks */,
				332EBD6D2B8A020500CBD655 /* Resources */,
			);
			buildRules = (
			);
			dependencies = (
				332EBD712B8A020500CBD655 /* PBXTargetDependency */,
			);
			name = SkillSwapTests;
			productName = SkillSwapTests;
			productReference = 332EBD6F2B8A020500CBD655 /* SkillSwapTests.xctest */;
			productType = "com.apple.product-type.bundle.unit-test";
		};
		332EBD782B8A020500CBD655 /* SkillSwapUITests */ = {
			isa = PBXNativeTarget;
			buildConfigurationList = 332EBD892B8A020500CBD655 /* Build configuration list for PBXNativeTarget "SkillSwapUITests" */;
			buildPhases = (
				332EBD752B8A020500CBD655 /* Sources */,
				332EBD762B8A020500CBD655 /* Frameworks */,
				332EBD772B8A020500CBD655 /* Resources */,
			);
			buildRules = (
			);
			dependencies = (
				332EBD7B2B8A020500CBD655 /* PBXTargetDependency */,
			);
			name = SkillSwapUITests;
			productName = SkillSwapUITests;
			productReference = 332EBD792B8A020500CBD655 /* SkillSwapUITests.xctest */;
			productType = "com.apple.product-type.bundle.ui-testing";
		};
/* End PBXNativeTarget section */

/* Begin PBXProject section */
		332EBD572B8A020400CBD655 /* Project object */ = {
			isa = PBXProject;
			attributes = {
				BuildIndependentTargetsInParallel = 1;
				LastSwiftUpdateCheck = 1500;
				LastUpgradeCheck = 1500;
				TargetAttributes = {
					332EBD5E2B8A020400CBD655 = {
						CreatedOnToolsVersion = 15.0;
					};
					332EBD6E2B8A020500CBD655 = {
						CreatedOnToolsVersion = 15.0;
						TestTargetID = 332EBD5E2B8A020400CBD655;
					};
					332EBD782B8A020500CBD655 = {
						CreatedOnToolsVersion = 15.0;
						TestTargetID = 332EBD5E2B8A020400CBD655;
					};
				};
			};
			buildConfigurationList = 332EBD5A2B8A020400CBD655 /* Build configuration list for PBXProject "SkillSwap" */;
			compatibilityVersion = "Xcode 14.0";
			developmentRegion = en;
			hasScannedForEncodings = 0;
			knownRegions = (
				en,
				Base,
			);
			mainGroup = 332EBD562B8A020400CBD655;
			packageReferences = (
				3380E90B2BE54B500024C414 /* XCRemoteSwiftPackageReference "Alamofire" */,
				33A5CCE52BE61E0300081795 /* XCRemoteSwiftPackageReference "Moya" */,
			);
			productRefGroup = 332EBD602B8A020400CBD655 /* Products */;
			projectDirPath = "";
			projectRoot = "";
			targets = (
				332EBD5E2B8A020400CBD655 /* SkillSwap */,
				332EBD6E2B8A020500CBD655 /* SkillSwapTests */,
				332EBD782B8A020500CBD655 /* SkillSwapUITests */,
			);
		};
/* End PBXProject section */

/* Begin PBXResourcesBuildPhase section */
		332EBD5D2B8A020400CBD655 /* Resources */ = {
			isa = PBXResourcesBuildPhase;
			buildActionMask = 2147483647;
			files = (
				332EBD6A2B8A020500CBD655 /* Preview Assets.xcassets in Resources */,
				332EBD672B8A020500CBD655 /* Assets.xcassets in Resources */,
			);
			runOnlyForDeploymentPostprocessing = 0;
		};
		332EBD6D2B8A020500CBD655 /* Resources */ = {
			isa = PBXResourcesBuildPhase;
			buildActionMask = 2147483647;
			files = (
			);
			runOnlyForDeploymentPostprocessing = 0;
		};
		332EBD772B8A020500CBD655 /* Resources */ = {
			isa = PBXResourcesBuildPhase;
			buildActionMask = 2147483647;
			files = (
			);
			runOnlyForDeploymentPostprocessing = 0;
		};
/* End PBXResourcesBuildPhase section */

/* Begin PBXSourcesBuildPhase section */
		332EBD5B2B8A020400CBD655 /* Sources */ = {
			isa = PBXSourcesBuildPhase;
			buildActionMask = 2147483647;
			files = (
				33D1F1142B948F6100A12EA9 /* SkillSwapCategory.swift in Sources */,
				33A0A73A2BBED18200F9CFA2 /* CrowdfundingModelController.swift in Sources */,
				33D1F1012B946A6E00A12EA9 /* HomeView.swift in Sources */,
				332EBD8D2B8A049C00CBD655 /* RegistrationView.swift in Sources */,
				332EBD652B8A020400CBD655 /* ContentView.swift in Sources */,
				333A10EA2BEBE8D60024F295 /* PostsMainCell.swift in Sources */,
				33835D7B2BA75EBC00BCD4F2 /* CustomButton.swift in Sources */,
				333835F62BE7793F00742636 /* Media.swift in Sources */,
				33D1F0FF2B946A5900A12EA9 /* CreateFormView.swift in Sources */,
				33F950602BD1705400A06330 /* AuthService.swift in Sources */,
				331FB27B2BDF5FAC00129C74 /* MyProjectsView.swift in Sources */,
				33D1F1032B946A8500A12EA9 /* QAView.swift in Sources */,
				33475FE92B8B459B0009B5E9 /* WelcomeScreen.swift in Sources */,
				33A9C5412BC128C300D10E8D /* QaModelController.swift in Sources */,
				33DA8E5E2BB46CD400B09D00 /* MySkillsView.swift in Sources */,
				33D1F1102B948D9000A12EA9 /* FormCategories.swift in Sources */,
				33D1F1072B94765300A12EA9 /* User.swift in Sources */,
				33D1F10E2B948A5000A12EA9 /* SearchBar.swift in Sources */,
				3398B6452BB072B300F74842 /* FormSkillSwap.swift in Sources */,
				33D448752BAD557B00A17027 /* DropDownMenu.swift in Sources */,
				335F39242BCBD63900B45890 /* AccountType.swift in Sources */,
				33A9C53F2BC1283800D10E8D /* QAModel.swift in Sources */,
				331CE1C12BBD7F14001EFD94 /* CustomImagePicker.swift in Sources */,
				33B8513D2BC25A1A00AFEC20 /* SkillswapModelController.swift in Sources */,
				331CCE812BB141E300888494 /* FormQA.swift in Sources */,
				33D448772BAD55E100A17027 /* CustomTextField.swift in Sources */,
				33D1F1052B946AAC00A12EA9 /* SkillSwapView.swift in Sources */,
				33F21FC72BDC029400D3D746 /* TestAlert.swift in Sources */,
				33D1F1122B948EF000A12EA9 /* SkillSwapModel.swift in Sources */,
				33D1F1182B9490E600A12EA9 /* CrowdfundingCategory.swift in Sources */,
				3334A9D42BB47B480069E80E /* AboutMeView.swift in Sources */,
				33D1F10B2B94777400A12EA9 /* Gender.swift in Sources */,
				33D1F1162B94905F00A12EA9 /* CrowdfundingModel.swift in Sources */,
				33D448792BAD562C00A17027 /* CustomDatePicker.swift in Sources */,
				331CCE842BB1448400888494 /* SettingsView.swift in Sources */,
				33A0A73E2BBEDF2300F9CFA2 /* CrowdfundCell.swift in Sources */,
				332EBD902B8A04CB00CBD655 /* LoginView.swift in Sources */,
				332EBD632B8A020400CBD655 /* SkillSwapApp.swift in Sources */,
				336A53AC2C05C91100252383 /* RespondSkillSwap.swift in Sources */,
				33D1F0FD2B946A4100A12EA9 /* ProfileView.swift in Sources */,
				33A88EA92BC1AF3700A217F9 /* SkillSwapCell.swift in Sources */,
				334E881D2BC6D7450066A822 /* NetworkService.swift in Sources */,
				33D1F0FA2B9468E900A12EA9 /* MainTabView.swift in Sources */,
				3380E90A2BE4AA320024C414 /* MyQuestionsView.swift in Sources */,
				3398B6472BB076B600F74842 /* FormCrowdfunding.swift in Sources */,
				33F950622BD170F900A06330 /* URLManager.swift in Sources */,
				331E8B7B2BE9E644004368D2 /* CreateTaskManager.swift in Sources */,
				33E2E0332BC04D6A009E122D /* QACell.swift in Sources */,
			);
			runOnlyForDeploymentPostprocessing = 0;
		};
		332EBD6B2B8A020500CBD655 /* Sources */ = {
			isa = PBXSourcesBuildPhase;
			buildActionMask = 2147483647;
			files = (
				332EBD742B8A020500CBD655 /* SkillSwapTests.swift in Sources */,
			);
			runOnlyForDeploymentPostprocessing = 0;
		};
		332EBD752B8A020500CBD655 /* Sources */ = {
			isa = PBXSourcesBuildPhase;
			buildActionMask = 2147483647;
			files = (
				332EBD7E2B8A020500CBD655 /* SkillSwapUITests.swift in Sources */,
				332EBD802B8A020500CBD655 /* SkillSwapUITestsLaunchTests.swift in Sources */,
			);
			runOnlyForDeploymentPostprocessing = 0;
		};
/* End PBXSourcesBuildPhase section */

/* Begin PBXTargetDependency section */
		332EBD712B8A020500CBD655 /* PBXTargetDependency */ = {
			isa = PBXTargetDependency;
			target = 332EBD5E2B8A020400CBD655 /* SkillSwap */;
			targetProxy = 332EBD702B8A020500CBD655 /* PBXContainerItemProxy */;
		};
		332EBD7B2B8A020500CBD655 /* PBXTargetDependency */ = {
			isa = PBXTargetDependency;
			target = 332EBD5E2B8A020400CBD655 /* SkillSwap */;
			targetProxy = 332EBD7A2B8A020500CBD655 /* PBXContainerItemProxy */;
		};
/* End PBXTargetDependency section */

/* Begin XCBuildConfiguration section */
		332EBD812B8A020500CBD655 /* Debug */ = {
			isa = XCBuildConfiguration;
			buildSettings = {
				ALWAYS_SEARCH_USER_PATHS = NO;
				ASSETCATALOG_COMPILER_GENERATE_SWIFT_ASSET_SYMBOL_EXTENSIONS = YES;
				CLANG_ANALYZER_NONNULL = YES;
				CLANG_ANALYZER_NUMBER_OBJECT_CONVERSION = YES_AGGRESSIVE;
				CLANG_CXX_LANGUAGE_STANDARD = "gnu++20";
				CLANG_ENABLE_MODULES = YES;
				CLANG_ENABLE_OBJC_ARC = YES;
				CLANG_ENABLE_OBJC_WEAK = YES;
				CLANG_WARN_BLOCK_CAPTURE_AUTORELEASING = YES;
				CLANG_WARN_BOOL_CONVERSION = YES;
				CLANG_WARN_COMMA = YES;
				CLANG_WARN_CONSTANT_CONVERSION = YES;
				CLANG_WARN_DEPRECATED_OBJC_IMPLEMENTATIONS = YES;
				CLANG_WARN_DIRECT_OBJC_ISA_USAGE = YES_ERROR;
				CLANG_WARN_DOCUMENTATION_COMMENTS = YES;
				CLANG_WARN_EMPTY_BODY = YES;
				CLANG_WARN_ENUM_CONVERSION = YES;
				CLANG_WARN_INFINITE_RECURSION = YES;
				CLANG_WARN_INT_CONVERSION = YES;
				CLANG_WARN_NON_LITERAL_NULL_CONVERSION = YES;
				CLANG_WARN_OBJC_IMPLICIT_RETAIN_SELF = YES;
				CLANG_WARN_OBJC_LITERAL_CONVERSION = YES;
				CLANG_WARN_OBJC_ROOT_CLASS = YES_ERROR;
				CLANG_WARN_QUOTED_INCLUDE_IN_FRAMEWORK_HEADER = YES;
				CLANG_WARN_RANGE_LOOP_ANALYSIS = YES;
				CLANG_WARN_STRICT_PROTOTYPES = YES;
				CLANG_WARN_SUSPICIOUS_MOVE = YES;
				CLANG_WARN_UNGUARDED_AVAILABILITY = YES_AGGRESSIVE;
				CLANG_WARN_UNREACHABLE_CODE = YES;
				CLANG_WARN__DUPLICATE_METHOD_MATCH = YES;
				COPY_PHASE_STRIP = NO;
				DEBUG_INFORMATION_FORMAT = dwarf;
				ENABLE_STRICT_OBJC_MSGSEND = YES;
				ENABLE_TESTABILITY = YES;
				ENABLE_USER_SCRIPT_SANDBOXING = YES;
				GCC_C_LANGUAGE_STANDARD = gnu17;
				GCC_DYNAMIC_NO_PIC = NO;
				GCC_NO_COMMON_BLOCKS = YES;
				GCC_OPTIMIZATION_LEVEL = 0;
				GCC_PREPROCESSOR_DEFINITIONS = (
					"DEBUG=1",
					"$(inherited)",
				);
				GCC_WARN_64_TO_32_BIT_CONVERSION = YES;
				GCC_WARN_ABOUT_RETURN_TYPE = YES_ERROR;
				GCC_WARN_UNDECLARED_SELECTOR = YES;
				GCC_WARN_UNINITIALIZED_AUTOS = YES_AGGRESSIVE;
				GCC_WARN_UNUSED_FUNCTION = YES;
				GCC_WARN_UNUSED_VARIABLE = YES;
				IPHONEOS_DEPLOYMENT_TARGET = 17.0;
				LOCALIZATION_PREFERS_STRING_CATALOGS = YES;
				MTL_ENABLE_DEBUG_INFO = INCLUDE_SOURCE;
				MTL_FAST_MATH = YES;
				ONLY_ACTIVE_ARCH = YES;
				SDKROOT = iphoneos;
				SWIFT_ACTIVE_COMPILATION_CONDITIONS = "DEBUG $(inherited)";
				SWIFT_OPTIMIZATION_LEVEL = "-Onone";
			};
			name = Debug;
		};
		332EBD822B8A020500CBD655 /* Release */ = {
			isa = XCBuildConfiguration;
			buildSettings = {
				ALWAYS_SEARCH_USER_PATHS = NO;
				ASSETCATALOG_COMPILER_GENERATE_SWIFT_ASSET_SYMBOL_EXTENSIONS = YES;
				CLANG_ANALYZER_NONNULL = YES;
				CLANG_ANALYZER_NUMBER_OBJECT_CONVERSION = YES_AGGRESSIVE;
				CLANG_CXX_LANGUAGE_STANDARD = "gnu++20";
				CLANG_ENABLE_MODULES = YES;
				CLANG_ENABLE_OBJC_ARC = YES;
				CLANG_ENABLE_OBJC_WEAK = YES;
				CLANG_WARN_BLOCK_CAPTURE_AUTORELEASING = YES;
				CLANG_WARN_BOOL_CONVERSION = YES;
				CLANG_WARN_COMMA = YES;
				CLANG_WARN_CONSTANT_CONVERSION = YES;
				CLANG_WARN_DEPRECATED_OBJC_IMPLEMENTATIONS = YES;
				CLANG_WARN_DIRECT_OBJC_ISA_USAGE = YES_ERROR;
				CLANG_WARN_DOCUMENTATION_COMMENTS = YES;
				CLANG_WARN_EMPTY_BODY = YES;
				CLANG_WARN_ENUM_CONVERSION = YES;
				CLANG_WARN_INFINITE_RECURSION = YES;
				CLANG_WARN_INT_CONVERSION = YES;
				CLANG_WARN_NON_LITERAL_NULL_CONVERSION = YES;
				CLANG_WARN_OBJC_IMPLICIT_RETAIN_SELF = YES;
				CLANG_WARN_OBJC_LITERAL_CONVERSION = YES;
				CLANG_WARN_OBJC_ROOT_CLASS = YES_ERROR;
				CLANG_WARN_QUOTED_INCLUDE_IN_FRAMEWORK_HEADER = YES;
				CLANG_WARN_RANGE_LOOP_ANALYSIS = YES;
				CLANG_WARN_STRICT_PROTOTYPES = YES;
				CLANG_WARN_SUSPICIOUS_MOVE = YES;
				CLANG_WARN_UNGUARDED_AVAILABILITY = YES_AGGRESSIVE;
				CLANG_WARN_UNREACHABLE_CODE = YES;
				CLANG_WARN__DUPLICATE_METHOD_MATCH = YES;
				COPY_PHASE_STRIP = NO;
				DEBUG_INFORMATION_FORMAT = "dwarf-with-dsym";
				ENABLE_NS_ASSERTIONS = NO;
				ENABLE_STRICT_OBJC_MSGSEND = YES;
				ENABLE_USER_SCRIPT_SANDBOXING = YES;
				GCC_C_LANGUAGE_STANDARD = gnu17;
				GCC_NO_COMMON_BLOCKS = YES;
				GCC_WARN_64_TO_32_BIT_CONVERSION = YES;
				GCC_WARN_ABOUT_RETURN_TYPE = YES_ERROR;
				GCC_WARN_UNDECLARED_SELECTOR = YES;
				GCC_WARN_UNINITIALIZED_AUTOS = YES_AGGRESSIVE;
				GCC_WARN_UNUSED_FUNCTION = YES;
				GCC_WARN_UNUSED_VARIABLE = YES;
				IPHONEOS_DEPLOYMENT_TARGET = 17.0;
				LOCALIZATION_PREFERS_STRING_CATALOGS = YES;
				MTL_ENABLE_DEBUG_INFO = NO;
				MTL_FAST_MATH = YES;
				SDKROOT = iphoneos;
				SWIFT_COMPILATION_MODE = wholemodule;
				VALIDATE_PRODUCT = YES;
			};
			name = Release;
		};
		332EBD842B8A020500CBD655 /* Debug */ = {
			isa = XCBuildConfiguration;
			buildSettings = {
				ASSETCATALOG_COMPILER_APPICON_NAME = AppIcon;
				ASSETCATALOG_COMPILER_GLOBAL_ACCENT_COLOR_NAME = AccentColor;
				CODE_SIGN_STYLE = Automatic;
				CURRENT_PROJECT_VERSION = 1;
				DEVELOPMENT_ASSET_PATHS = "\"SkillSwap/Preview Content\"";
				DEVELOPMENT_TEAM = X9Y2WY3Z27;
				ENABLE_PREVIEWS = YES;
				GENERATE_INFOPLIST_FILE = YES;
				INFOPLIST_KEY_UIApplicationSceneManifest_Generation = YES;
				INFOPLIST_KEY_UIApplicationSupportsIndirectInputEvents = YES;
				INFOPLIST_KEY_UILaunchScreen_Generation = YES;
				INFOPLIST_KEY_UISupportedInterfaceOrientations_iPad = "UIInterfaceOrientationPortrait UIInterfaceOrientationPortraitUpsideDown UIInterfaceOrientationLandscapeLeft UIInterfaceOrientationLandscapeRight";
				INFOPLIST_KEY_UISupportedInterfaceOrientations_iPhone = "UIInterfaceOrientationPortrait UIInterfaceOrientationLandscapeLeft UIInterfaceOrientationLandscapeRight";
				LD_RUNPATH_SEARCH_PATHS = (
					"$(inherited)",
					"@executable_path/Frameworks",
				);
				MARKETING_VERSION = 1.0;
				PRODUCT_BUNDLE_IDENTIFIER = FirstTry.SkillSwap;
				PRODUCT_NAME = "$(TARGET_NAME)";
				SWIFT_EMIT_LOC_STRINGS = YES;
				SWIFT_VERSION = 5.0;
				TARGETED_DEVICE_FAMILY = "1,2";
			};
			name = Debug;
		};
		332EBD852B8A020500CBD655 /* Release */ = {
			isa = XCBuildConfiguration;
			buildSettings = {
				ASSETCATALOG_COMPILER_APPICON_NAME = AppIcon;
				ASSETCATALOG_COMPILER_GLOBAL_ACCENT_COLOR_NAME = AccentColor;
				CODE_SIGN_STYLE = Automatic;
				CURRENT_PROJECT_VERSION = 1;
				DEVELOPMENT_ASSET_PATHS = "\"SkillSwap/Preview Content\"";
				DEVELOPMENT_TEAM = X9Y2WY3Z27;
				ENABLE_PREVIEWS = YES;
				GENERATE_INFOPLIST_FILE = YES;
				INFOPLIST_KEY_UIApplicationSceneManifest_Generation = YES;
				INFOPLIST_KEY_UIApplicationSupportsIndirectInputEvents = YES;
				INFOPLIST_KEY_UILaunchScreen_Generation = YES;
				INFOPLIST_KEY_UISupportedInterfaceOrientations_iPad = "UIInterfaceOrientationPortrait UIInterfaceOrientationPortraitUpsideDown UIInterfaceOrientationLandscapeLeft UIInterfaceOrientationLandscapeRight";
				INFOPLIST_KEY_UISupportedInterfaceOrientations_iPhone = "UIInterfaceOrientationPortrait UIInterfaceOrientationLandscapeLeft UIInterfaceOrientationLandscapeRight";
				LD_RUNPATH_SEARCH_PATHS = (
					"$(inherited)",
					"@executable_path/Frameworks",
				);
				MARKETING_VERSION = 1.0;
				PRODUCT_BUNDLE_IDENTIFIER = FirstTry.SkillSwap;
				PRODUCT_NAME = "$(TARGET_NAME)";
				SWIFT_EMIT_LOC_STRINGS = YES;
				SWIFT_VERSION = 5.0;
				TARGETED_DEVICE_FAMILY = "1,2";
			};
			name = Release;
		};
		332EBD872B8A020500CBD655 /* Debug */ = {
			isa = XCBuildConfiguration;
			buildSettings = {
				ALWAYS_EMBED_SWIFT_STANDARD_LIBRARIES = YES;
				BUNDLE_LOADER = "$(TEST_HOST)";
				CODE_SIGN_STYLE = Automatic;
				CURRENT_PROJECT_VERSION = 1;
				DEVELOPMENT_TEAM = X9Y2WY3Z27;
				GENERATE_INFOPLIST_FILE = YES;
				IPHONEOS_DEPLOYMENT_TARGET = 17.0;
				MARKETING_VERSION = 1.0;
				PRODUCT_BUNDLE_IDENTIFIER = FirstTry.SkillSwapTests;
				PRODUCT_NAME = "$(TARGET_NAME)";
				SWIFT_EMIT_LOC_STRINGS = NO;
				SWIFT_VERSION = 5.0;
				TARGETED_DEVICE_FAMILY = "1,2";
				TEST_HOST = "$(BUILT_PRODUCTS_DIR)/SkillSwap.app/$(BUNDLE_EXECUTABLE_FOLDER_PATH)/SkillSwap";
			};
			name = Debug;
		};
		332EBD882B8A020500CBD655 /* Release */ = {
			isa = XCBuildConfiguration;
			buildSettings = {
				ALWAYS_EMBED_SWIFT_STANDARD_LIBRARIES = YES;
				BUNDLE_LOADER = "$(TEST_HOST)";
				CODE_SIGN_STYLE = Automatic;
				CURRENT_PROJECT_VERSION = 1;
				DEVELOPMENT_TEAM = X9Y2WY3Z27;
				GENERATE_INFOPLIST_FILE = YES;
				IPHONEOS_DEPLOYMENT_TARGET = 17.0;
				MARKETING_VERSION = 1.0;
				PRODUCT_BUNDLE_IDENTIFIER = FirstTry.SkillSwapTests;
				PRODUCT_NAME = "$(TARGET_NAME)";
				SWIFT_EMIT_LOC_STRINGS = NO;
				SWIFT_VERSION = 5.0;
				TARGETED_DEVICE_FAMILY = "1,2";
				TEST_HOST = "$(BUILT_PRODUCTS_DIR)/SkillSwap.app/$(BUNDLE_EXECUTABLE_FOLDER_PATH)/SkillSwap";
			};
			name = Release;
		};
		332EBD8A2B8A020500CBD655 /* Debug */ = {
			isa = XCBuildConfiguration;
			buildSettings = {
				ALWAYS_EMBED_SWIFT_STANDARD_LIBRARIES = YES;
				CODE_SIGN_STYLE = Automatic;
				CURRENT_PROJECT_VERSION = 1;
				DEVELOPMENT_TEAM = X9Y2WY3Z27;
				GENERATE_INFOPLIST_FILE = YES;
				MARKETING_VERSION = 1.0;
				PRODUCT_BUNDLE_IDENTIFIER = FirstTry.SkillSwapUITests;
				PRODUCT_NAME = "$(TARGET_NAME)";
				SWIFT_EMIT_LOC_STRINGS = NO;
				SWIFT_VERSION = 5.0;
				TARGETED_DEVICE_FAMILY = "1,2";
				TEST_TARGET_NAME = SkillSwap;
			};
			name = Debug;
		};
		332EBD8B2B8A020500CBD655 /* Release */ = {
			isa = XCBuildConfiguration;
			buildSettings = {
				ALWAYS_EMBED_SWIFT_STANDARD_LIBRARIES = YES;
				CODE_SIGN_STYLE = Automatic;
				CURRENT_PROJECT_VERSION = 1;
				DEVELOPMENT_TEAM = X9Y2WY3Z27;
				GENERATE_INFOPLIST_FILE = YES;
				MARKETING_VERSION = 1.0;
				PRODUCT_BUNDLE_IDENTIFIER = FirstTry.SkillSwapUITests;
				PRODUCT_NAME = "$(TARGET_NAME)";
				SWIFT_EMIT_LOC_STRINGS = NO;
				SWIFT_VERSION = 5.0;
				TARGETED_DEVICE_FAMILY = "1,2";
				TEST_TARGET_NAME = SkillSwap;
			};
			name = Release;
		};
/* End XCBuildConfiguration section */

/* Begin XCConfigurationList section */
		332EBD5A2B8A020400CBD655 /* Build configuration list for PBXProject "SkillSwap" */ = {
			isa = XCConfigurationList;
			buildConfigurations = (
				332EBD812B8A020500CBD655 /* Debug */,
				332EBD822B8A020500CBD655 /* Release */,
			);
			defaultConfigurationIsVisible = 0;
			defaultConfigurationName = Release;
		};
		332EBD832B8A020500CBD655 /* Build configuration list for PBXNativeTarget "SkillSwap" */ = {
			isa = XCConfigurationList;
			buildConfigurations = (
				332EBD842B8A020500CBD655 /* Debug */,
				332EBD852B8A020500CBD655 /* Release */,
			);
			defaultConfigurationIsVisible = 0;
			defaultConfigurationName = Release;
		};
		332EBD862B8A020500CBD655 /* Build configuration list for PBXNativeTarget "SkillSwapTests" */ = {
			isa = XCConfigurationList;
			buildConfigurations = (
				332EBD872B8A020500CBD655 /* Debug */,
				332EBD882B8A020500CBD655 /* Release */,
			);
			defaultConfigurationIsVisible = 0;
			defaultConfigurationName = Release;
		};
		332EBD892B8A020500CBD655 /* Build configuration list for PBXNativeTarget "SkillSwapUITests" */ = {
			isa = XCConfigurationList;
			buildConfigurations = (
				332EBD8A2B8A020500CBD655 /* Debug */,
				332EBD8B2B8A020500CBD655 /* Release */,
			);
			defaultConfigurationIsVisible = 0;
			defaultConfigurationName = Release;
		};
/* End XCConfigurationList section */

/* Begin XCRemoteSwiftPackageReference section */
		3380E90B2BE54B500024C414 /* XCRemoteSwiftPackageReference "Alamofire" */ = {
			isa = XCRemoteSwiftPackageReference;
			repositoryURL = "https://github.com/Alamofire/Alamofire.git";
			requirement = {
				kind = upToNextMajorVersion;
				minimumVersion = 5.9.1;
			};
		};
		33A5CCE52BE61E0300081795 /* XCRemoteSwiftPackageReference "Moya" */ = {
			isa = XCRemoteSwiftPackageReference;
			repositoryURL = "https://github.com/Moya/Moya.git";
			requirement = {
				kind = upToNextMajorVersion;
				minimumVersion = 15.0.3;
			};
		};
/* End XCRemoteSwiftPackageReference section */

/* Begin XCSwiftPackageProductDependency section */
		3380E90C2BE54B500024C414 /* Alamofire */ = {
			isa = XCSwiftPackageProductDependency;
			package = 3380E90B2BE54B500024C414 /* XCRemoteSwiftPackageReference "Alamofire" */;
			productName = Alamofire;
		};
		33A5CCE62BE61E0300081795 /* Moya */ = {
			isa = XCSwiftPackageProductDependency;
			package = 33A5CCE52BE61E0300081795 /* XCRemoteSwiftPackageReference "Moya" */;
			productName = Moya;
		};
/* End XCSwiftPackageProductDependency section */
	};
	rootObject = 332EBD572B8A020400CBD655 /* Project object */;
}
